
Microsoft Visual Studio Solution File, Format Version 12.00
Project("{2150E333-8FDC-42A3-9474-1A3956D46DE8}") = "ToFolder", "ToFolder", "{EFDE8316-CF7E-44AF-9CAA-EE39C4779268}"
EndProject
Project("{2150E333-8FDC-42A3-9474-1A3956D46DE8}") = "ToServer", "ToServer", "{EDEA80DA-82F1-41F3-9622-6B5BD8E58F0F}"
EndProject
Project("{2150E333-8FDC-42A3-9474-1A3956D46DE8}") = "ToIIS", "ToIIS", "{172F4E2E-A216-4ADC-ADDB-CE7930CC66EB}"
EndProject
Project("{2150E333-8FDC-42A3-9474-1A3956D46DE8}") = "ToAzure", "ToAzure", "{0E815B53-7130-49E4-A875-CCF7C5DCF8B0}"
EndProject
Project("{FAE04EC0-301F-11D3-BF4B-00C04F79EFBC}") = "net6_consoleapp", "net6_consoleapp\net6_consoleapp.csproj", "{FE4F5C35-1D2D-4A97-A64A-B9A4D35831F6}"
EndProject
Project("{FAE04EC0-301F-11D3-BF4B-00C04F79EFBC}") = "net6_wpf", "net6_wpf\net6_wpf.csproj", "{86DA8097-0DDD-4899-9568-32BEF04FC3FB}"
EndProject
Project("{FAE04EC0-301F-11D3-BF4B-00C04F79EFBC}") = "net6_blazorwasm", "net6_blazorwasm\net6_blazorwasm.csproj", "{1F48B6AE-9E7A-468E-89D1-68BD5D2C873F}"
EndProject
Project("{FAE04EC0-301F-11D3-BF4B-00C04F79EFBC}") = "net5_webapp", "net5_webapp\net5_webapp.csproj", "{452DB200-AADE-4F98-8CC3-DE5FFBF5FF49}"
EndProject
Project("{FAE04EC0-301F-11D3-BF4B-00C04F79EFBC}") = "net3.1_webapp", "net3.1_webapp\net3.1_webapp.csproj", "{71995DFA-22CF-4799-9B12-7EE240860ABA}"
EndProject
Project("{FAE04EC0-301F-11D3-BF4B-00C04F79EFBC}") = "net48_webapp", "net48_webapp\net48_webapp.csproj", "{75963009-884F-42B7-BCF9-1E7C237272B2}"
EndProject
Project("{FAE04EC0-301F-11D3-BF4B-00C04F79EFBC}") = "multi_webapp", "multi_webapp\multi_webapp.csproj", "{9E5AF83F-C7E9-4B19-A420-F1483B652235}"
EndProject
Project("{FAE04EC0-301F-11D3-BF4B-00C04F79EFBC}") = "net6_webapp_server", "net6_webapp_server\net6_webapp_server.csproj", "{4B33BD23-F867-41DF-B104-0809919F4256}"
EndProject
Project("{FAE04EC0-301F-11D3-BF4B-00C04F79EFBC}") = "net6_webapp_iis", "net6_webapp_iis\net6_webapp_iis.csproj", "{385FB00E-4185-45FC-A1F5-6DDF0D5B67BD}"
EndProject
Project("{FAE04EC0-301F-11D3-BF4B-00C04F79EFBC}") = "net6_webapp_azure", "net6_webapp_azure\net6_webapp_azure.csproj", "{9F7972E8-81F8-4765-810C-614DCBAD1112}"
EndProject
Project("{FAE04EC0-301F-11D3-BF4B-00C04F79EFBC}") = "UnsafeCode", "UnsafeCode\UnsafeCode.csproj", "{86D434E7-BB83-4F8B-8E0B-28EFAA87EEF3}"
EndProject
Global
	GlobalSection(SolutionConfigurationPlatforms) = preSolution
		Debug|Any CPU = Debug|Any CPU
		Release|Any CPU = Release|Any CPU
	EndGlobalSection
	GlobalSection(ProjectConfigurationPlatforms) = postSolution
		{FE4F5C35-1D2D-4A97-A64A-B9A4D35831F6}.Debug|Any CPU.ActiveCfg = Debug|Any CPU
		{FE4F5C35-1D2D-4A97-A64A-B9A4D35831F6}.Debug|Any CPU.Build.0 = Debug|Any CPU
		{FE4F5C35-1D2D-4A97-A64A-B9A4D35831F6}.Release|Any CPU.ActiveCfg = Release|Any CPU
		{FE4F5C35-1D2D-4A97-A64A-B9A4D35831F6}.Release|Any CPU.Build.0 = Release|Any CPU
		{86DA8097-0DDD-4899-9568-32BEF04FC3FB}.Debug|Any CPU.ActiveCfg = Debug|Any CPU
		{86DA8097-0DDD-4899-9568-32BEF04FC3FB}.Debug|Any CPU.Build.0 = Debug|Any CPU
		{86DA8097-0DDD-4899-9568-32BEF04FC3FB}.Release|Any CPU.ActiveCfg = Release|Any CPU
		{86DA8097-0DDD-4899-9568-32BEF04FC3FB}.Release|Any CPU.Build.0 = Release|Any CPU
		{1F48B6AE-9E7A-468E-89D1-68BD5D2C873F}.Debug|Any CPU.ActiveCfg = Debug|Any CPU
		{1F48B6AE-9E7A-468E-89D1-68BD5D2C873F}.Debug|Any CPU.Build.0 = Debug|Any CPU
		{1F48B6AE-9E7A-468E-89D1-68BD5D2C873F}.Release|Any CPU.ActiveCfg = Release|Any CPU
		{1F48B6AE-9E7A-468E-89D1-68BD5D2C873F}.Release|Any CPU.Build.0 = Release|Any CPU
		{452DB200-AADE-4F98-8CC3-DE5FFBF5FF49}.Debug|Any CPU.ActiveCfg = Debug|Any CPU
		{452DB200-AADE-4F98-8CC3-DE5FFBF5FF49}.Debug|Any CPU.Build.0 = Debug|Any CPU
		{452DB200-AADE-4F98-8CC3-DE5FFBF5FF49}.Release|Any CPU.ActiveCfg = Release|Any CPU
		{452DB200-AADE-4F98-8CC3-DE5FFBF5FF49}.Release|Any CPU.Build.0 = Release|Any CPU
		{71995DFA-22CF-4799-9B12-7EE240860ABA}.Debug|Any CPU.ActiveCfg = Debug|Any CPU
		{71995DFA-22CF-4799-9B12-7EE240860ABA}.Debug|Any CPU.Build.0 = Debug|Any CPU
		{71995DFA-22CF-4799-9B12-7EE240860ABA}.Release|Any CPU.ActiveCfg = Release|Any CPU
		{71995DFA-22CF-4799-9B12-7EE240860ABA}.Release|Any CPU.Build.0 = Release|Any CPU
		{75963009-884F-42B7-BCF9-1E7C237272B2}.Debug|Any CPU.ActiveCfg = Debug|Any CPU
		{75963009-884F-42B7-BCF9-1E7C237272B2}.Debug|Any CPU.Build.0 = Debug|Any CPU
		{75963009-884F-42B7-BCF9-1E7C237272B2}.Release|Any CPU.ActiveCfg = Release|Any CPU
		{75963009-884F-42B7-BCF9-1E7C237272B2}.Release|Any CPU.Build.0 = Release|Any CPU
		{9E5AF83F-C7E9-4B19-A420-F1483B652235}.Debug|Any CPU.ActiveCfg = Debug|Any CPU
		{9E5AF83F-C7E9-4B19-A420-F1483B652235}.Debug|Any CPU.Build.0 = Debug|Any CPU
		{9E5AF83F-C7E9-4B19-A420-F1483B652235}.Release|Any CPU.ActiveCfg = Release|Any CPU
		{9E5AF83F-C7E9-4B19-A420-F1483B652235}.Release|Any CPU.Build.0 = Release|Any CPU
		{4B33BD23-F867-41DF-B104-0809919F4256}.Debug|Any CPU.ActiveCfg = Debug|Any CPU
		{4B33BD23-F867-41DF-B104-0809919F4256}.Debug|Any CPU.Build.0 = Debug|Any CPU
		{4B33BD23-F867-41DF-B104-0809919F4256}.Release|Any CPU.ActiveCfg = Release|Any CPU
		{4B33BD23-F867-41DF-B104-0809919F4256}.Release|Any CPU.Build.0 = Release|Any CPU
		{385FB00E-4185-45FC-A1F5-6DDF0D5B67BD}.Debug|Any CPU.ActiveCfg = Debug|Any CPU
		{385FB00E-4185-45FC-A1F5-6DDF0D5B67BD}.Debug|Any CPU.Build.0 = Debug|Any CPU
		{385FB00E-4185-45FC-A1F5-6DDF0D5B67BD}.Release|Any CPU.ActiveCfg = Release|Any CPU
		{385FB00E-4185-45FC-A1F5-6DDF0D5B67BD}.Release|Any CPU.Build.0 = Release|Any CPU
		{9F7972E8-81F8-4765-810C-614DCBAD1112}.Debug|Any CPU.ActiveCfg = Debug|Any CPU
		{9F7972E8-81F8-4765-810C-614DCBAD1112}.Debug|Any CPU.Build.0 = Debug|Any CPU
		{9F7972E8-81F8-4765-810C-614DCBAD1112}.Release|Any CPU.ActiveCfg = Release|Any CPU
		{9F7972E8-81F8-4765-810C-614DCBAD1112}.Release|Any CPU.Build.0 = Release|Any CPU
		{86D434E7-BB83-4F8B-8E0B-28EFAA87EEF3}.Debug|Any CPU.ActiveCfg = Debug|Any CPU
		{86D434E7-BB83-4F8B-8E0B-28EFAA87EEF3}.Debug|Any CPU.Build.0 = Debug|Any CPU
		{86D434E7-BB83-4F8B-8E0B-28EFAA87EEF3}.Release|Any CPU.ActiveCfg = Release|Any CPU
		{86D434E7-BB83-4F8B-8E0B-28EFAA87EEF3}.Release|Any CPU.Build.0 = Release|Any CPU
	EndGlobalSection
	GlobalSection(NestedProjects) = preSolution
		{FE4F5C35-1D2D-4A97-A64A-B9A4D35831F6} = {EFDE8316-CF7E-44AF-9CAA-EE39C4779268}
		{86DA8097-0DDD-4899-9568-32BEF04FC3FB} = {EFDE8316-CF7E-44AF-9CAA-EE39C4779268}
		{1F48B6AE-9E7A-468E-89D1-68BD5D2C873F} = {EFDE8316-CF7E-44AF-9CAA-EE39C4779268}
		{452DB200-AADE-4F98-8CC3-DE5FFBF5FF49} = {EFDE8316-CF7E-44AF-9CAA-EE39C4779268}
		{71995DFA-22CF-4799-9B12-7EE240860ABA} = {EFDE8316-CF7E-44AF-9CAA-EE39C4779268}
		{75963009-884F-42B7-BCF9-1E7C237272B2} = {EFDE8316-CF7E-44AF-9CAA-EE39C4779268}
		{9E5AF83F-C7E9-4B19-A420-F1483B652235} = {EFDE8316-CF7E-44AF-9CAA-EE39C4779268}
		{4B33BD23-F867-41DF-B104-0809919F4256} = {EDEA80DA-82F1-41F3-9622-6B5BD8E58F0F}
		{385FB00E-4185-45FC-A1F5-6DDF0D5B67BD} = {172F4E2E-A216-4ADC-ADDB-CE7930CC66EB}
		{9F7972E8-81F8-4765-810C-614DCBAD1112} = {0E815B53-7130-49E4-A875-CCF7C5DCF8B0}
		{86D434E7-BB83-4F8B-8E0B-28EFAA87EEF3} = {EFDE8316-CF7E-44AF-9CAA-EE39C4779268}
	EndGlobalSection
EndGlobal
